// !$*UTF8*$!
{
	archiveVersion = 1;
	classes = {
	};
	objectVersion = 46;
	objects = {

/* Begin PBXFileReference section */
		C543DF17176F57D200E136FE /* .DS_Store */ = {isa = PBXFileReference; lastKnownFileType = file; path = .DS_Store; sourceTree = "<group>"; };
		C543DF18176F57D200E136FE /* .gitignore */ = {isa = PBXFileReference; lastKnownFileType = text; path = .gitignore; sourceTree = "<group>"; };
		C543DF19176F57D200E136FE /* dk_cpl.cpp */ = {isa = PBXFileReference; lastKnownFileType = sourcecode.cpp.cpp; path = dk_cpl.cpp; sourceTree = "<group>"; };
		C543DF1A176F57D200E136FE /* documentation */ = {isa = PBXFileReference; lastKnownFileType = folder; path = documentation; sourceTree = "<group>"; };
		C543DF1B176F57D200E136FE /* Doxyfile */ = {isa = PBXFileReference; lastKnownFileType = text; path = Doxyfile; sourceTree = "<group>"; };
		C543DF1C176F57D200E136FE /* helper */ = {isa = PBXFileReference; lastKnownFileType = folder; path = helper; sourceTree = "<group>"; };
		C543DF1D176F57D200E136FE /* in.txt */ = {isa = PBXFileReference; lastKnownFileType = text; path = in.txt; sourceTree = "<group>"; };
		C543DF1E176F57D200E136FE /* lib */ = {isa = PBXFileReference; lastKnownFileType = folder; path = lib; sourceTree = "<group>"; };
		C543DF1F176F57D200E136FE /* main.cpp */ = {isa = PBXFileReference; lastKnownFileType = sourcecode.cpp.cpp; path = main.cpp; sourceTree = "<group>"; };
		C543DF20176F57D200E136FE /* main.h */ = {isa = PBXFileReference; lastKnownFileType = sourcecode.c.h; path = main.h; sourceTree = "<group>"; };
		C543DF21176F57D200E136FE /* makefile */ = {isa = PBXFileReference; lastKnownFileType = sourcecode.make; path = makefile; sourceTree = "<group>"; };
		C543DF22176F57D200E136FE /* other */ = {isa = PBXFileReference; lastKnownFileType = folder; path = other; sourceTree = "<group>"; };
		C543DF23176F57D200E136FE /* out.txt */ = {isa = PBXFileReference; lastKnownFileType = text; path = out.txt; sourceTree = "<group>"; };
/* End PBXFileReference section */

/* Begin PBXGroup section */
		C543DF11176F57D200E136FE = {
			isa = PBXGroup;
			children = (
				C543DF17176F57D200E136FE /* .DS_Store */,
				C543DF18176F57D200E136FE /* .gitignore */,
				C543DF19176F57D200E136FE /* dk_cpl.cpp */,
				C543DF1A176F57D200E136FE /* documentation */,
				C543DF1B176F57D200E136FE /* Doxyfile */,
				C543DF1C176F57D200E136FE /* helper */,
				C543DF1D176F57D200E136FE /* in.txt */,
				C543DF1E176F57D200E136FE /* lib */,
				C543DF1F176F57D200E136FE /* main.cpp */,
				C543DF20176F57D200E136FE /* main.h */,
				C543DF21176F57D200E136FE /* makefile */,
				C543DF22176F57D200E136FE /* other */,
				C543DF23176F57D200E136FE /* out.txt */,
			);
			sourceTree = "<group>";
		};
/* End PBXGroup section */

/* Begin PBXLegacyTarget section */
		C543DF16176F57D200E136FE /* shortPath */ = {
			isa = PBXLegacyTarget;
			buildArgumentsString = "$(ACTION)";
			buildConfigurationList = C543DF24176F57D200E136FE /* Build configuration list for PBXLegacyTarget "shortPath" */;
			buildPhases = (
			);
			buildToolPath = /usr/bin/make;
			buildWorkingDirectory = "/Users/julianvollmer/Dropbox/Uni/Master/03_Semester/DS & PP/DSPPProjekt/shortPath";
			dependencies = (
			);
			name = shortPath;
			passBuildSettingsInEnvironment = 1;
			productName = shortPath;
		};
/* End PBXLegacyTarget section */

/* Begin PBXProject section */
		C543DF12176F57D200E136FE /* Project object */ = {
			isa = PBXProject;
			buildConfigurationList = C543DF15176F57D200E136FE /* Build configuration list for PBXProject "shortPath" */;
			compatibilityVersion = "Xcode 3.2";
			developmentRegion = English;
			hasScannedForEncodings = 0;
			knownRegions = (
				en,
			);
			mainGroup = C543DF11176F57D200E136FE;
			projectDirPath = "";
			projectRoot = "";
			targets = (
				C543DF16176F57D200E136FE /* shortPath */,
			);
		};
/* End PBXProject section */

/* Begin XCBuildConfiguration section */
		C543DF13176F57D200E136FE /* Debug */ = {
			isa = XCBuildConfiguration;
			buildSettings = {
				ARCHS = "$(ARCHS_STANDARD_32_BIT)";
				COPY_PHASE_STRIP = NO;
				GCC_WARN_ABOUT_RETURN_TYPE = YES;
				GCC_WARN_UNUSED_VARIABLE = YES;
				ONLY_ACTIVE_ARCH = YES;
				SDKROOT = macosx10.6;
			};
			name = Debug;
		};
		C543DF14176F57D200E136FE /* Release */ = {
			isa = XCBuildConfiguration;
			buildSettings = {
				ARCHS = "$(ARCHS_STANDARD_32_BIT)";
				COPY_PHASE_STRIP = YES;
				GCC_WARN_ABOUT_RETURN_TYPE = YES;
				GCC_WARN_UNUSED_VARIABLE = YES;
				SDKROOT = macosx10.6;
			};
			name = Release;
		};
		C543DF25176F57D200E136FE /* Debug */ = {
			isa = XCBuildConfiguration;
			buildSettings = {
				COPY_PHASE_STRIP = NO;
				DEBUGGING_SYMBOLS = YES;
				GCC_DYNAMIC_NO_PIC = NO;
				GCC_ENABLE_FIX_AND_CONTINUE = YES;
				GCC_GENERATE_DEBUGGING_SYMBOLS = YES;
				GCC_OPTIMIZATION_LEVEL = 0;
				OTHER_CFLAGS = "";
				OTHER_LDFLAGS = "";
				PRODUCT_NAME = shortPath;
			};
			name = Debug;
		};
		C543DF26176F57D200E136FE /* Release */ = {
			isa = XCBuildConfiguration;
			buildSettings = {
				COPY_PHASE_STRIP = YES;
				DEBUG_INFORMATION_FORMAT = "dwarf-with-dsym";
				GCC_ENABLE_FIX_AND_CONTINUE = NO;
				OTHER_CFLAGS = "";
				OTHER_LDFLAGS = "";
				PRODUCT_NAME = shortPath;
			};
			name = Release;
		};
/* End XCBuildConfiguration section */

/* Begin XCConfigurationList section */
		C543DF15176F57D200E136FE /* Build configuration list for PBXProject "shortPath" */ = {
			isa = XCConfigurationList;
			buildConfigurations = (
				C543DF13176F57D200E136FE /* Debug */,
				C543DF14176F57D200E136FE /* Release */,
			);
			defaultConfigurationIsVisible = 0;
			defaultConfigurationName = Release;
		};
		C543DF24176F57D200E136FE /* Build configuration list for PBXLegacyTarget "shortPath" */ = {
			isa = XCConfigurationList;
			buildConfigurations = (
				C543DF25176F57D200E136FE /* Debug */,
				C543DF26176F57D200E136FE /* Release */,
			);
			defaultConfigurationIsVisible = 0;
			defaultConfigurationName = Release;
		};
/* End XCConfigurationList section */
	};
	rootObject = C543DF12176F57D200E136FE /* Project object */;
}
